version = 1
revision = 1
requires-python = ">=3.10"
resolution-markers = [
    "python_full_version >= '3.11'",
    "python_full_version < '3.11'",
]

[manifest]
members = [
    "plansformer",
    "state-centric-plan",
]

[[package]]
name = "antlr4-python3-runtime"
version = "4.13.1"
source = { registry = "https://pypi.org/simple" }
resolution-markers = [
    "python_full_version < '3.11'",
]
sdist = { url = "https://files.pythonhosted.org/packages/b6/00/7f1cab9b44518ca225a03f4493ac9294aab5935a7a28486ba91a20ea29cf/antlr4-python3-runtime-4.13.1.tar.gz", hash = "sha256:3cd282f5ea7cfb841537fe01f143350fdb1c0b1ce7981443a2fa8513fddb6d1a", size = 117451 }
wheels = [
    { url = "https://files.pythonhosted.org/packages/57/09/0c2874e3e8c53250b40afa7399c70acf7d23cac80138f1792ea3797f7452/antlr4_python3_runtime-4.13.1-py3-none-any.whl", hash = "sha256:78ec57aad12c97ac039ca27403ad61cb98aaec8a3f9bb8144f889aa0fa28b943", size = 144460 },
]

[[package]]
name = "antlr4-python3-runtime"
version = "4.13.2"
source = { registry = "https://pypi.org/simple" }
resolution-markers = [
    "python_full_version >= '3.11'",
]
sdist = { url = "https://files.pythonhosted.org/packages/33/5f/2cdf6f7aca3b20d3f316e9f505292e1f256a32089bd702034c29ebde6242/antlr4_python3_runtime-4.13.2.tar.gz", hash = "sha256:909b647e1d2fc2b70180ac586df3933e38919c85f98ccc656a96cd3f25ef3916", size = 117467 }
wheels = [
    { url = "https://files.pythonhosted.org/packages/89/03/a851e84fcbb85214dc637b6378121ef9a0dd61b4c65264675d8a5c9b1ae7/antlr4_python3_runtime-4.13.2-py3-none-any.whl", hash = "sha256:fe3835eb8d33daece0e799090eda89719dbccee7aa39ef94eed3818cafa5a7e8", size = 144462 },
]

[[package]]
name = "colorama"
version = "0.4.6"
source = { registry = "https://pypi.org/simple" }
sdist = { url = "https://files.pythonhosted.org/packages/d8/53/6f443c9a4a8358a93a6792e2acffb9d9d5cb0a5cfd8802644b7b1c9a02e4/colorama-0.4.6.tar.gz", hash = "sha256:08695f5cb7ed6e0531a20572697297273c47b8cae5a63ffc6d6ed5c201be6e44", size = 27697 }
wheels = [
    { url = "https://files.pythonhosted.org/packages/d1/d6/3965ed04c63042e047cb6a3e6ed1a63a35087b6a609aa3a15ed8ac56c221/colorama-0.4.6-py2.py3-none-any.whl", hash = "sha256:4f1d9991f5acc0ca119f9d443620b77f9d6b33703e51011c16baf57afb285fc6", size = 25335 },
]

[[package]]
name = "pddlpy"
version = "0.4.4"
source = { registry = "https://pypi.org/simple" }
resolution-markers = [
    "python_full_version < '3.11'",
]
dependencies = [
    { name = "antlr4-python3-runtime", version = "4.13.1", source = { registry = "https://pypi.org/simple" }, marker = "python_full_version < '3.11'" },
]
wheels = [
    { url = "https://files.pythonhosted.org/packages/49/5a/c451f1d0b7a6dd9467e5549e1b58050ae7231689028c48d4d7d279f96c71/pddlpy-0.4.4-py3-none-any.whl", hash = "sha256:b2c28f3a320d8bfbc481fa6d32b0e418ec4099aa7aa5fef2a852b3f11036bd7a", size = 49382 },
]

[[package]]
name = "pddlpy"
version = "0.4.5"
source = { registry = "https://pypi.org/simple" }
resolution-markers = [
    "python_full_version >= '3.11'",
]
dependencies = [
    { name = "antlr4-python3-runtime", version = "4.13.2", source = { registry = "https://pypi.org/simple" }, marker = "python_full_version >= '3.11'" },
]
wheels = [
    { url = "https://files.pythonhosted.org/packages/91/14/6008f3b000fc112515a42f1a51cd2e37d32716b3a510d717db25cb6aeccf/pddlpy-0.4.5-py3-none-any.whl", hash = "sha256:4579b47267e0c7adf54dafc2178609da73d15bac32d629dd063922fc273bfaff", size = 52440 },
]

[[package]]
name = "plansformer"
version = "0.1.0"
source = { virtual = "code/plansformer" }

[[package]]
name = "state-centric-plan"
version = "0.1.0"
source = { virtual = "." }
dependencies = [
    { name = "pddlpy", version = "0.4.4", source = { registry = "https://pypi.org/simple" }, marker = "python_full_version < '3.11'" },
    { name = "pddlpy", version = "0.4.5", source = { registry = "https://pypi.org/simple" }, marker = "python_full_version >= '3.11'" },
    { name = "tqdm" },
]

[package.metadata]
requires-dist = [
    { name = "pddlpy", specifier = ">=0.4.4" },
    { name = "tqdm", specifier = ">=4.67.1" },
]

[[package]]
name = "tqdm"
version = "4.67.1"
source = { registry = "https://pypi.org/simple" }
dependencies = [
    { name = "colorama", marker = "sys_platform == 'win32'" },
]
sdist = { url = "https://files.pythonhosted.org/packages/a8/4b/29b4ef32e036bb34e4ab51796dd745cdba7ed47ad142a9f4a1eb8e0c744d/tqdm-4.67.1.tar.gz", hash = "sha256:f8aef9c52c08c13a65f30ea34f4e5aac3fd1a34959879d7e59e63027286627f2", size = 169737 }
wheels = [
    { url = "https://files.pythonhosted.org/packages/d0/30/dc54f88dd4a2b5dc8a0279bdd7270e735851848b762aeb1c1184ed1f6b14/tqdm-4.67.1-py3-none-any.whl", hash = "sha256:26445eca388f82e72884e0d580d5464cd801a3ea01e63e5601bdff9ba6a48de2", size = 78540 },
]
